// !$*UTF8*$!
{
	archiveVersion = 1;
	classes = {
	};
	objectVersion = 46;
	objects = {

/* Begin PBXBuildFile section */
		1A7F46CC6933EA92599D34E5 /* Pods_KnowledgeBase.framework in Frameworks */ = {isa = PBXBuildFile; fileRef = 52D2F062BCBF0EB84C7835EB /* Pods_KnowledgeBase.framework */; };
		BB6989F29D0722F429A0581C /* Pods_KnowledgeBaseUITests.framework in Frameworks */ = {isa = PBXBuildFile; fileRef = 0A0DAA63E7CAEF15CA640B70 /* Pods_KnowledgeBaseUITests.framework */; };
		CCDD13831E96D33E003B7CD7 /* AppDelegate.swift in Sources */ = {isa = PBXBuildFile; fileRef = CCDD13821E96D33E003B7CD7 /* AppDelegate.swift */; };
		CCDD13881E96D33E003B7CD7 /* Main.storyboard in Resources */ = {isa = PBXBuildFile; fileRef = CCDD13861E96D33E003B7CD7 /* Main.storyboard */; };
		CCDD138A1E96D33E003B7CD7 /* Assets.xcassets in Resources */ = {isa = PBXBuildFile; fileRef = CCDD13891E96D33E003B7CD7 /* Assets.xcassets */; };
		CCDD138D1E96D33E003B7CD7 /* LaunchScreen.storyboard in Resources */ = {isa = PBXBuildFile; fileRef = CCDD138B1E96D33E003B7CD7 /* LaunchScreen.storyboard */; };
		CCDD13981E96D33E003B7CD7 /* KnowledgeBaseTests.swift in Sources */ = {isa = PBXBuildFile; fileRef = CCDD13971E96D33E003B7CD7 /* KnowledgeBaseTests.swift */; };
		CCDD13A31E96D33E003B7CD7 /* KnowledgeBaseUITests.swift in Sources */ = {isa = PBXBuildFile; fileRef = CCDD13A21E96D33E003B7CD7 /* KnowledgeBaseUITests.swift */; };
		CCDD13B11E96DAAA003B7CD7 /* FontExtension.swift in Sources */ = {isa = PBXBuildFile; fileRef = CCDD13B01E96DAAA003B7CD7 /* FontExtension.swift */; };
		CCDD13B41E96DAE1003B7CD7 /* ColorExtension.swift in Sources */ = {isa = PBXBuildFile; fileRef = CCDD13B31E96DAE1003B7CD7 /* ColorExtension.swift */; };
		F8438EE170906056E6FBF7F6 /* Pods_KnowledgeBaseTests.framework in Frameworks */ = {isa = PBXBuildFile; fileRef = 38D0FF28E5688FD8A4D6F2F3 /* Pods_KnowledgeBaseTests.framework */; };
/* End PBXBuildFile section */

/* Begin PBXContainerItemProxy section */
		CCDD13941E96D33E003B7CD7 /* PBXContainerItemProxy */ = {
			isa = PBXContainerItemProxy;
			containerPortal = CCDD13771E96D33E003B7CD7 /* Project object */;
			proxyType = 1;
			remoteGlobalIDString = CCDD137E1E96D33E003B7CD7;
			remoteInfo = KnowledgeBase;
		};
		CCDD139F1E96D33E003B7CD7 /* PBXContainerItemProxy */ = {
			isa = PBXContainerItemProxy;
			containerPortal = CCDD13771E96D33E003B7CD7 /* Project object */;
			proxyType = 1;
			remoteGlobalIDString = CCDD137E1E96D33E003B7CD7;
			remoteInfo = KnowledgeBase;
		};
/* End PBXContainerItemProxy section */

/* Begin PBXFileReference section */
		0A0DAA63E7CAEF15CA640B70 /* Pods_KnowledgeBaseUITests.framework */ = {isa = PBXFileReference; explicitFileType = wrapper.framework; includeInIndex = 0; path = Pods_KnowledgeBaseUITests.framework; sourceTree = BUILT_PRODUCTS_DIR; };
		1D9C45580C2F54AF2C995935 /* Pods-KnowledgeBaseTests.release.xcconfig */ = {isa = PBXFileReference; includeInIndex = 1; lastKnownFileType = text.xcconfig; name = "Pods-KnowledgeBaseTests.release.xcconfig"; path = "Pods/Target Support Files/Pods-KnowledgeBaseTests/Pods-KnowledgeBaseTests.release.xcconfig"; sourceTree = "<group>"; };
		38D0FF28E5688FD8A4D6F2F3 /* Pods_KnowledgeBaseTests.framework */ = {isa = PBXFileReference; explicitFileType = wrapper.framework; includeInIndex = 0; path = Pods_KnowledgeBaseTests.framework; sourceTree = BUILT_PRODUCTS_DIR; };
		4AFFF27668765B4B64FC9825 /* Pods-KnowledgeBase.debug.xcconfig */ = {isa = PBXFileReference; includeInIndex = 1; lastKnownFileType = text.xcconfig; name = "Pods-KnowledgeBase.debug.xcconfig"; path = "Pods/Target Support Files/Pods-KnowledgeBase/Pods-KnowledgeBase.debug.xcconfig"; sourceTree = "<group>"; };
		52D2F062BCBF0EB84C7835EB /* Pods_KnowledgeBase.framework */ = {isa = PBXFileReference; explicitFileType = wrapper.framework; includeInIndex = 0; path = Pods_KnowledgeBase.framework; sourceTree = BUILT_PRODUCTS_DIR; };
		80B7A94882EBB03CCD0D934B /* Pods-KnowledgeBase.release.xcconfig */ = {isa = PBXFileReference; includeInIndex = 1; lastKnownFileType = text.xcconfig; name = "Pods-KnowledgeBase.release.xcconfig"; path = "Pods/Target Support Files/Pods-KnowledgeBase/Pods-KnowledgeBase.release.xcconfig"; sourceTree = "<group>"; };
		9916C1BF84143A1A931074E8 /* Pods-KnowledgeBaseUITests.debug.xcconfig */ = {isa = PBXFileReference; includeInIndex = 1; lastKnownFileType = text.xcconfig; name = "Pods-KnowledgeBaseUITests.debug.xcconfig"; path = "Pods/Target Support Files/Pods-KnowledgeBaseUITests/Pods-KnowledgeBaseUITests.debug.xcconfig"; sourceTree = "<group>"; };
		A2805FFB7A998381BB3766CF /* Pods-KnowledgeBaseTests.debug.xcconfig */ = {isa = PBXFileReference; includeInIndex = 1; lastKnownFileType = text.xcconfig; name = "Pods-KnowledgeBaseTests.debug.xcconfig"; path = "Pods/Target Support Files/Pods-KnowledgeBaseTests/Pods-KnowledgeBaseTests.debug.xcconfig"; sourceTree = "<group>"; };
		A2A4B7091D8A571B8C653539 /* Pods-KnowledgeBaseUITests.release.xcconfig */ = {isa = PBXFileReference; includeInIndex = 1; lastKnownFileType = text.xcconfig; name = "Pods-KnowledgeBaseUITests.release.xcconfig"; path = "Pods/Target Support Files/Pods-KnowledgeBaseUITests/Pods-KnowledgeBaseUITests.release.xcconfig"; sourceTree = "<group>"; };
		CCDD137F1E96D33E003B7CD7 /* KnowledgeBase.app */ = {isa = PBXFileReference; explicitFileType = wrapper.application; includeInIndex = 0; path = KnowledgeBase.app; sourceTree = BUILT_PRODUCTS_DIR; };
		CCDD13821E96D33E003B7CD7 /* AppDelegate.swift */ = {isa = PBXFileReference; lastKnownFileType = sourcecode.swift; path = AppDelegate.swift; sourceTree = "<group>"; };
		CCDD13871E96D33E003B7CD7 /* Base */ = {isa = PBXFileReference; lastKnownFileType = file.storyboard; name = Base; path = Base.lproj/Main.storyboard; sourceTree = "<group>"; };
		CCDD13891E96D33E003B7CD7 /* Assets.xcassets */ = {isa = PBXFileReference; lastKnownFileType = folder.assetcatalog; path = Assets.xcassets; sourceTree = "<group>"; };
		CCDD138C1E96D33E003B7CD7 /* Base */ = {isa = PBXFileReference; lastKnownFileType = file.storyboard; name = Base; path = Base.lproj/LaunchScreen.storyboard; sourceTree = "<group>"; };
		CCDD138E1E96D33E003B7CD7 /* Info.plist */ = {isa = PBXFileReference; lastKnownFileType = text.plist.xml; path = Info.plist; sourceTree = "<group>"; };
		CCDD13931E96D33E003B7CD7 /* KnowledgeBaseTests.xctest */ = {isa = PBXFileReference; explicitFileType = wrapper.cfbundle; includeInIndex = 0; path = KnowledgeBaseTests.xctest; sourceTree = BUILT_PRODUCTS_DIR; };
		CCDD13971E96D33E003B7CD7 /* KnowledgeBaseTests.swift */ = {isa = PBXFileReference; lastKnownFileType = sourcecode.swift; path = KnowledgeBaseTests.swift; sourceTree = "<group>"; };
		CCDD13991E96D33E003B7CD7 /* Info.plist */ = {isa = PBXFileReference; lastKnownFileType = text.plist.xml; path = Info.plist; sourceTree = "<group>"; };
		CCDD139E1E96D33E003B7CD7 /* KnowledgeBaseUITests.xctest */ = {isa = PBXFileReference; explicitFileType = wrapper.cfbundle; includeInIndex = 0; path = KnowledgeBaseUITests.xctest; sourceTree = BUILT_PRODUCTS_DIR; };
		CCDD13A21E96D33E003B7CD7 /* KnowledgeBaseUITests.swift */ = {isa = PBXFileReference; lastKnownFileType = sourcecode.swift; path = KnowledgeBaseUITests.swift; sourceTree = "<group>"; };
		CCDD13A41E96D33E003B7CD7 /* Info.plist */ = {isa = PBXFileReference; lastKnownFileType = text.plist.xml; path = Info.plist; sourceTree = "<group>"; };
		CCDD13B01E96DAAA003B7CD7 /* FontExtension.swift */ = {isa = PBXFileReference; fileEncoding = 4; lastKnownFileType = sourcecode.swift; name = FontExtension.swift; path = Extensions/FontExtension.swift; sourceTree = "<group>"; };
		CCDD13B31E96DAE1003B7CD7 /* ColorExtension.swift */ = {isa = PBXFileReference; fileEncoding = 4; lastKnownFileType = sourcecode.swift; name = ColorExtension.swift; path = Extensions/ColorExtension.swift; sourceTree = "<group>"; };
/* End PBXFileReference section */

/* Begin PBXFrameworksBuildPhase section */
		CCDD137C1E96D33E003B7CD7 /* Frameworks */ = {
			isa = PBXFrameworksBuildPhase;
			buildActionMask = 2147483647;
			files = (
				1A7F46CC6933EA92599D34E5 /* Pods_KnowledgeBase.framework in Frameworks */,
			);
			runOnlyForDeploymentPostprocessing = 0;
		};
		CCDD13901E96D33E003B7CD7 /* Frameworks */ = {
			isa = PBXFrameworksBuildPhase;
			buildActionMask = 2147483647;
			files = (
				F8438EE170906056E6FBF7F6 /* Pods_KnowledgeBaseTests.framework in Frameworks */,
			);
			runOnlyForDeploymentPostprocessing = 0;
		};
		CCDD139B1E96D33E003B7CD7 /* Frameworks */ = {
			isa = PBXFrameworksBuildPhase;
			buildActionMask = 2147483647;
			files = (
				BB6989F29D0722F429A0581C /* Pods_KnowledgeBaseUITests.framework in Frameworks */,
			);
			runOnlyForDeploymentPostprocessing = 0;
		};
/* End PBXFrameworksBuildPhase section */

/* Begin PBXGroup section */
		638E0C70FFF3BC25BFBC6FCB /* Frameworks */ = {
			isa = PBXGroup;
			children = (
				52D2F062BCBF0EB84C7835EB /* Pods_KnowledgeBase.framework */,
				38D0FF28E5688FD8A4D6F2F3 /* Pods_KnowledgeBaseTests.framework */,
				0A0DAA63E7CAEF15CA640B70 /* Pods_KnowledgeBaseUITests.framework */,
			);
			name = Frameworks;
			sourceTree = "<group>";
		};
		9F38CFB89537770020EBE918 /* Pods */ = {
			isa = PBXGroup;
			children = (
				4AFFF27668765B4B64FC9825 /* Pods-KnowledgeBase.debug.xcconfig */,
				80B7A94882EBB03CCD0D934B /* Pods-KnowledgeBase.release.xcconfig */,
				A2805FFB7A998381BB3766CF /* Pods-KnowledgeBaseTests.debug.xcconfig */,
				1D9C45580C2F54AF2C995935 /* Pods-KnowledgeBaseTests.release.xcconfig */,
				9916C1BF84143A1A931074E8 /* Pods-KnowledgeBaseUITests.debug.xcconfig */,
				A2A4B7091D8A571B8C653539 /* Pods-KnowledgeBaseUITests.release.xcconfig */,
			);
			name = Pods;
			sourceTree = "<group>";
		};
		CCDD13761E96D33E003B7CD7 = {
			isa = PBXGroup;
			children = (
				CCDD13811E96D33E003B7CD7 /* KnowledgeBase */,
				CCDD13961E96D33E003B7CD7 /* KnowledgeBaseTests */,
				CCDD13A11E96D33E003B7CD7 /* KnowledgeBaseUITests */,
				CCDD13801E96D33E003B7CD7 /* Products */,
				9F38CFB89537770020EBE918 /* Pods */,
				638E0C70FFF3BC25BFBC6FCB /* Frameworks */,
			);
			sourceTree = "<group>";
		};
		CCDD13801E96D33E003B7CD7 /* Products */ = {
			isa = PBXGroup;
			children = (
				CCDD137F1E96D33E003B7CD7 /* KnowledgeBase.app */,
				CCDD13931E96D33E003B7CD7 /* KnowledgeBaseTests.xctest */,
				CCDD139E1E96D33E003B7CD7 /* KnowledgeBaseUITests.xctest */,
			);
			name = Products;
			sourceTree = "<group>";
		};
		CCDD13811E96D33E003B7CD7 /* KnowledgeBase */ = {
			isa = PBXGroup;
			children = (
				CCDD13821E96D33E003B7CD7 /* AppDelegate.swift */,
				CCDD13B21E96DABE003B7CD7 /* Extension */,
				CCDD13861E96D33E003B7CD7 /* Main.storyboard */,
				CCDD13891E96D33E003B7CD7 /* Assets.xcassets */,
				CCDD138B1E96D33E003B7CD7 /* LaunchScreen.storyboard */,
				CCDD138E1E96D33E003B7CD7 /* Info.plist */,
			);
			path = KnowledgeBase;
			sourceTree = "<group>";
		};
		CCDD13961E96D33E003B7CD7 /* KnowledgeBaseTests */ = {
			isa = PBXGroup;
			children = (
				CCDD13971E96D33E003B7CD7 /* KnowledgeBaseTests.swift */,
				CCDD13991E96D33E003B7CD7 /* Info.plist */,
			);
			path = KnowledgeBaseTests;
			sourceTree = "<group>";
		};
		CCDD13A11E96D33E003B7CD7 /* KnowledgeBaseUITests */ = {
			isa = PBXGroup;
			children = (
				CCDD13A21E96D33E003B7CD7 /* KnowledgeBaseUITests.swift */,
				CCDD13A41E96D33E003B7CD7 /* Info.plist */,
			);
			path = KnowledgeBaseUITests;
			sourceTree = "<group>";
		};
		CCDD13B21E96DABE003B7CD7 /* Extension */ = {
			isa = PBXGroup;
			children = (
				CCDD13B01E96DAAA003B7CD7 /* FontExtension.swift */,
				CCDD13B31E96DAE1003B7CD7 /* ColorExtension.swift */,
			);
			name = Extension;
			sourceTree = "<group>";
		};
/* End PBXGroup section */

/* Begin PBXNativeTarget section */
		CCDD137E1E96D33E003B7CD7 /* KnowledgeBase */ = {
			isa = PBXNativeTarget;
			buildConfigurationList = CCDD13A71E96D33E003B7CD7 /* Build configuration list for PBXNativeTarget "KnowledgeBase" */;
			buildPhases = (
				8A166470E93F294B8111E4BC /* [CP] Check Pods Manifest.lock */,
				CCDD137B1E96D33E003B7CD7 /* Sources */,
				CCDD137C1E96D33E003B7CD7 /* Frameworks */,
				CCDD137D1E96D33E003B7CD7 /* Resources */,
				7A6FE6BDF34DF7FDC32B509D /* [CP] Embed Pods Frameworks */,
				E24462DE9FF4158FAEDA4DAC /* [CP] Copy Pods Resources */,
			);
			buildRules = (
			);
			dependencies = (
			);
			name = KnowledgeBase;
			productName = KnowledgeBase;
			productReference = CCDD137F1E96D33E003B7CD7 /* KnowledgeBase.app */;
			productType = "com.apple.product-type.application";
		};
		CCDD13921E96D33E003B7CD7 /* KnowledgeBaseTests */ = {
			isa = PBXNativeTarget;
			buildConfigurationList = CCDD13AA1E96D33E003B7CD7 /* Build configuration list for PBXNativeTarget "KnowledgeBaseTests" */;
			buildPhases = (
				91F64678E2F11950C0C09F40 /* [CP] Check Pods Manifest.lock */,
				CCDD138F1E96D33E003B7CD7 /* Sources */,
				CCDD13901E96D33E003B7CD7 /* Frameworks */,
				CCDD13911E96D33E003B7CD7 /* Resources */,
				B6E520A1B56BE6AA93F75D76 /* [CP] Embed Pods Frameworks */,
				3B6222AA077626AB06E04397 /* [CP] Copy Pods Resources */,
			);
			buildRules = (
			);
			dependencies = (
				CCDD13951E96D33E003B7CD7 /* PBXTargetDependency */,
			);
			name = KnowledgeBaseTests;
			productName = KnowledgeBaseTests;
			productReference = CCDD13931E96D33E003B7CD7 /* KnowledgeBaseTests.xctest */;
			productType = "com.apple.product-type.bundle.unit-test";
		};
		CCDD139D1E96D33E003B7CD7 /* KnowledgeBaseUITests */ = {
			isa = PBXNativeTarget;
			buildConfigurationList = CCDD13AD1E96D33E003B7CD7 /* Build configuration list for PBXNativeTarget "KnowledgeBaseUITests" */;
			buildPhases = (
				AA6C38CE3023B4495C083820 /* [CP] Check Pods Manifest.lock */,
				CCDD139A1E96D33E003B7CD7 /* Sources */,
				CCDD139B1E96D33E003B7CD7 /* Frameworks */,
				CCDD139C1E96D33E003B7CD7 /* Resources */,
				F0FBBA2EF8E198BFC475A782 /* [CP] Embed Pods Frameworks */,
				AA7DCF7921A5F28EF1C3A561 /* [CP] Copy Pods Resources */,
			);
			buildRules = (
			);
			dependencies = (
				CCDD13A01E96D33E003B7CD7 /* PBXTargetDependency */,
			);
			name = KnowledgeBaseUITests;
			productName = KnowledgeBaseUITests;
			productReference = CCDD139E1E96D33E003B7CD7 /* KnowledgeBaseUITests.xctest */;
			productType = "com.apple.product-type.bundle.ui-testing";
		};
/* End PBXNativeTarget section */

/* Begin PBXProject section */
		CCDD13771E96D33E003B7CD7 /* Project object */ = {
			isa = PBXProject;
			attributes = {
				LastSwiftUpdateCheck = 0830;
				LastUpgradeCheck = 0830;
				ORGANIZATIONNAME = JDandini;
				TargetAttributes = {
					CCDD137E1E96D33E003B7CD7 = {
						CreatedOnToolsVersion = 8.3;
						DevelopmentTeam = Z9289CTFX8;
						ProvisioningStyle = Automatic;
					};
					CCDD13921E96D33E003B7CD7 = {
						CreatedOnToolsVersion = 8.3;
						DevelopmentTeam = Z9289CTFX8;
						ProvisioningStyle = Automatic;
						TestTargetID = CCDD137E1E96D33E003B7CD7;
					};
					CCDD139D1E96D33E003B7CD7 = {
						CreatedOnToolsVersion = 8.3;
						DevelopmentTeam = Z9289CTFX8;
						ProvisioningStyle = Automatic;
						TestTargetID = CCDD137E1E96D33E003B7CD7;
					};
				};
			};
			buildConfigurationList = CCDD137A1E96D33E003B7CD7 /* Build configuration list for PBXProject "KnowledgeBase" */;
			compatibilityVersion = "Xcode 3.2";
			developmentRegion = English;
			hasScannedForEncodings = 0;
			knownRegions = (
				en,
				Base,
			);
			mainGroup = CCDD13761E96D33E003B7CD7;
			productRefGroup = CCDD13801E96D33E003B7CD7 /* Products */;
			projectDirPath = "";
			projectRoot = "";
			targets = (
				CCDD137E1E96D33E003B7CD7 /* KnowledgeBase */,
				CCDD13921E96D33E003B7CD7 /* KnowledgeBaseTests */,
				CCDD139D1E96D33E003B7CD7 /* KnowledgeBaseUITests */,
			);
		};
/* End PBXProject section */

/* Begin PBXResourcesBuildPhase section */
		CCDD137D1E96D33E003B7CD7 /* Resources */ = {
			isa = PBXResourcesBuildPhase;
			buildActionMask = 2147483647;
			files = (
				CCDD138D1E96D33E003B7CD7 /* LaunchScreen.storyboard in Resources */,
				CCDD138A1E96D33E003B7CD7 /* Assets.xcassets in Resources */,
				CCDD13881E96D33E003B7CD7 /* Main.storyboard in Resources */,
			);
			runOnlyForDeploymentPostprocessing = 0;
		};
		CCDD13911E96D33E003B7CD7 /* Resources */ = {
			isa = PBXResourcesBuildPhase;
			buildActionMask = 2147483647;
			files = (
			);
			runOnlyForDeploymentPostprocessing = 0;
		};
		CCDD139C1E96D33E003B7CD7 /* Resources */ = {
			isa = PBXResourcesBuildPhase;
			buildActionMask = 2147483647;
			files = (
			);
			runOnlyForDeploymentPostprocessing = 0;
		};
/* End PBXResourcesBuildPhase section */

/* Begin PBXShellScriptBuildPhase section */
		3B6222AA077626AB06E04397 /* [CP] Copy Pods Resources */ = {
			isa = PBXShellScriptBuildPhase;
			buildActionMask = 2147483647;
			files = (
			);
			inputPaths = (
			);
			name = "[CP] Copy Pods Resources";
			outputPaths = (
			);
			runOnlyForDeploymentPostprocessing = 0;
			shellPath = /bin/sh;
			shellScript = "\"${SRCROOT}/Pods/Target Support Files/Pods-KnowledgeBaseTests/Pods-KnowledgeBaseTests-resources.sh\"\n";
			showEnvVarsInLog = 0;
		};
		7A6FE6BDF34DF7FDC32B509D /* [CP] Embed Pods Frameworks */ = {
			isa = PBXShellScriptBuildPhase;
			buildActionMask = 2147483647;
			files = (
			);
			inputPaths = (
			);
			name = "[CP] Embed Pods Frameworks";
			outputPaths = (
			);
			runOnlyForDeploymentPostprocessing = 0;
			shellPath = /bin/sh;
			shellScript = "\"${SRCROOT}/Pods/Target Support Files/Pods-KnowledgeBase/Pods-KnowledgeBase-frameworks.sh\"\n";
			showEnvVarsInLog = 0;
		};
		8A166470E93F294B8111E4BC /* [CP] Check Pods Manifest.lock */ = {
			isa = PBXShellScriptBuildPhase;
			buildActionMask = 2147483647;
			files = (
			);
			inputPaths = (
			);
			name = "[CP] Check Pods Manifest.lock";
			outputPaths = (
			);
			runOnlyForDeploymentPostprocessing = 0;
			shellPath = /bin/sh;
			shellScript = "diff \"${PODS_ROOT}/../Podfile.lock\" \"${PODS_ROOT}/Manifest.lock\" > /dev/null\nif [ $? != 0 ] ; then\n    # print error to STDERR\n    echo \"error: The sandbox is not in sync with the Podfile.lock. Run 'pod install' or update your CocoaPods installation.\" >&2\n    exit 1\nfi\n";
			showEnvVarsInLog = 0;
		};
		91F64678E2F11950C0C09F40 /* [CP] Check Pods Manifest.lock */ = {
			isa = PBXShellScriptBuildPhase;
			buildActionMask = 2147483647;
			files = (
			);
			inputPaths = (
			);
			name = "[CP] Check Pods Manifest.lock";
			outputPaths = (
			);
			runOnlyForDeploymentPostprocessing = 0;
			shellPath = /bin/sh;
			shellScript = "diff \"${PODS_ROOT}/../Podfile.lock\" \"${PODS_ROOT}/Manifest.lock\" > /dev/null\nif [ $? != 0 ] ; then\n    # print error to STDERR\n    echo \"error: The sandbox is not in sync with the Podfile.lock. Run 'pod install' or update your CocoaPods installation.\" >&2\n    exit 1\nfi\n";
			showEnvVarsInLog = 0;
		};
		AA6C38CE3023B4495C083820 /* [CP] Check Pods Manifest.lock */ = {
			isa = PBXShellScriptBuildPhase;
			buildActionMask = 2147483647;
			files = (
			);
			inputPaths = (
			);
			name = "[CP] Check Pods Manifest.lock";
			outputPaths = (
			);
			runOnlyForDeploymentPostprocessing = 0;
			shellPath = /bin/sh;
			shellScript = "diff \"${PODS_ROOT}/../Podfile.lock\" \"${PODS_ROOT}/Manifest.lock\" > /dev/null\nif [ $? != 0 ] ; then\n    # print error to STDERR\n    echo \"error: The sandbox is not in sync with the Podfile.lock. Run 'pod install' or update your CocoaPods installation.\" >&2\n    exit 1\nfi\n";
			showEnvVarsInLog = 0;
		};
		AA7DCF7921A5F28EF1C3A561 /* [CP] Copy Pods Resources */ = {
			isa = PBXShellScriptBuildPhase;
			buildActionMask = 2147483647;
			files = (
			);
			inputPaths = (
			);
			name = "[CP] Copy Pods Resources";
			outputPaths = (
			);
			runOnlyForDeploymentPostprocessing = 0;
			shellPath = /bin/sh;
			shellScript = "\"${SRCROOT}/Pods/Target Support Files/Pods-KnowledgeBaseUITests/Pods-KnowledgeBaseUITests-resources.sh\"\n";
			showEnvVarsInLog = 0;
		};
		B6E520A1B56BE6AA93F75D76 /* [CP] Embed Pods Frameworks */ = {
			isa = PBXShellScriptBuildPhase;
			buildActionMask = 2147483647;
			files = (
			);
			inputPaths = (
			);
			name = "[CP] Embed Pods Frameworks";
			outputPaths = (
			);
			runOnlyForDeploymentPostprocessing = 0;
			shellPath = /bin/sh;
			shellScript = "\"${SRCROOT}/Pods/Target Support Files/Pods-KnowledgeBaseTests/Pods-KnowledgeBaseTests-frameworks.sh\"\n";
			showEnvVarsInLog = 0;
		};
		E24462DE9FF4158FAEDA4DAC /* [CP] Copy Pods Resources */ = {
			isa = PBXShellScriptBuildPhase;
			buildActionMask = 2147483647;
			files = (
			);
			inputPaths = (
			);
			name = "[CP] Copy Pods Resources";
			outputPaths = (
			);
			runOnlyForDeploymentPostprocessing = 0;
			shellPath = /bin/sh;
			shellScript = "\"${SRCROOT}/Pods/Target Support Files/Pods-KnowledgeBase/Pods-KnowledgeBase-resources.sh\"\n";
			showEnvVarsInLog = 0;
		};
		F0FBBA2EF8E198BFC475A782 /* [CP] Embed Pods Frameworks */ = {
			isa = PBXShellScriptBuildPhase;
			buildActionMask = 2147483647;
			files = (
			);
			inputPaths = (
			);
			name = "[CP] Embed Pods Frameworks";
			outputPaths = (
			);
			runOnlyForDeploymentPostprocessing = 0;
			shellPath = /bin/sh;
			shellScript = "\"${SRCROOT}/Pods/Target Support Files/Pods-KnowledgeBaseUITests/Pods-KnowledgeBaseUITests-frameworks.sh\"\n";
			showEnvVarsInLog = 0;
		};
/* End PBXShellScriptBuildPhase section */

/* Begin PBXSourcesBuildPhase section */
		CCDD137B1E96D33E003B7CD7 /* Sources */ = {
			isa = PBXSourcesBuildPhase;
			buildActionMask = 2147483647;
			files = (
				CCDD13B41E96DAE1003B7CD7 /* ColorExtension.swift in Sources */,
				CCDD13B11E96DAAA003B7CD7 /* FontExtension.swift in Sources */,
				CCDD13831E96D33E003B7CD7 /* AppDelegate.swift in Sources */,
			);
			runOnlyForDeploymentPostprocessing = 0;
		};
		CCDD138F1E96D33E003B7CD7 /* Sources */ = {
			isa = PBXSourcesBuildPhase;
			buildActionMask = 2147483647;
			files = (
				CCDD13981E96D33E003B7CD7 /* KnowledgeBaseTests.swift in Sources */,
			);
			runOnlyForDeploymentPostprocessing = 0;
		};
		CCDD139A1E96D33E003B7CD7 /* Sources */ = {
			isa = PBXSourcesBuildPhase;
			buildActionMask = 2147483647;
			files = (
				CCDD13A31E96D33E003B7CD7 /* KnowledgeBaseUITests.swift in Sources */,
			);
			runOnlyForDeploymentPostprocessing = 0;
		};
/* End PBXSourcesBuildPhase section */

/* Begin PBXTargetDependency section */
		CCDD13951E96D33E003B7CD7 /* PBXTargetDependency */ = {
			isa = PBXTargetDependency;
			target = CCDD137E1E96D33E003B7CD7 /* KnowledgeBase */;
			targetProxy = CCDD13941E96D33E003B7CD7 /* PBXContainerItemProxy */;
		};
		CCDD13A01E96D33E003B7CD7 /* PBXTargetDependency */ = {
			isa = PBXTargetDependency;
			target = CCDD137E1E96D33E003B7CD7 /* KnowledgeBase */;
			targetProxy = CCDD139F1E96D33E003B7CD7 /* PBXContainerItemProxy */;
		};
/* End PBXTargetDependency section */

/* Begin PBXVariantGroup section */
		CCDD13861E96D33E003B7CD7 /* Main.storyboard */ = {
			isa = PBXVariantGroup;
			children = (
				CCDD13871E96D33E003B7CD7 /* Base */,
			);
			name = Main.storyboard;
			sourceTree = "<group>";
		};
		CCDD138B1E96D33E003B7CD7 /* LaunchScreen.storyboard */ = {
			isa = PBXVariantGroup;
			children = (
				CCDD138C1E96D33E003B7CD7 /* Base */,
			);
			name = LaunchScreen.storyboard;
			sourceTree = "<group>";
		};
/* End PBXVariantGroup section */

/* Begin XCBuildConfiguration section */
		CCDD13A51E96D33E003B7CD7 /* Debug */ = {
			isa = XCBuildConfiguration;
			buildSettings = {
				ALWAYS_SEARCH_USER_PATHS = NO;
				CLANG_ANALYZER_NONNULL = YES;
				CLANG_ANALYZER_NUMBER_OBJECT_CONVERSION = YES_AGGRESSIVE;
				CLANG_CXX_LANGUAGE_STANDARD = "gnu++0x";
				CLANG_CXX_LIBRARY = "libc++";
				CLANG_ENABLE_MODULES = YES;
				CLANG_ENABLE_OBJC_ARC = YES;
				CLANG_WARN_BOOL_CONVERSION = YES;
				CLANG_WARN_CONSTANT_CONVERSION = YES;
				CLANG_WARN_DIRECT_OBJC_ISA_USAGE = YES_ERROR;
				CLANG_WARN_DOCUMENTATION_COMMENTS = YES;
				CLANG_WARN_EMPTY_BODY = YES;
				CLANG_WARN_ENUM_CONVERSION = YES;
				CLANG_WARN_INFINITE_RECURSION = YES;
				CLANG_WARN_INT_CONVERSION = YES;
				CLANG_WARN_OBJC_ROOT_CLASS = YES_ERROR;
				CLANG_WARN_SUSPICIOUS_MOVE = YES;
				CLANG_WARN_UNREACHABLE_CODE = YES;
				CLANG_WARN__DUPLICATE_METHOD_MATCH = YES;
				"CODE_SIGN_IDENTITY[sdk=iphoneos*]" = "iPhone Developer";
				COPY_PHASE_STRIP = NO;
				DEBUG_INFORMATION_FORMAT = dwarf;
				ENABLE_STRICT_OBJC_MSGSEND = YES;
				ENABLE_TESTABILITY = YES;
				GCC_C_LANGUAGE_STANDARD = gnu99;
				GCC_DYNAMIC_NO_PIC = NO;
				GCC_NO_COMMON_BLOCKS = YES;
				GCC_OPTIMIZATION_LEVEL = 0;
				GCC_PREPROCESSOR_DEFINITIONS = (
					"DEBUG=1",
					"$(inherited)",
				);
				GCC_WARN_64_TO_32_BIT_CONVERSION = YES;
				GCC_WARN_ABOUT_RETURN_TYPE = YES_ERROR;
				GCC_WARN_UNDECLARED_SELECTOR = YES;
				GCC_WARN_UNINITIALIZED_AUTOS = YES_AGGRESSIVE;
				GCC_WARN_UNUSED_FUNCTION = YES;
				GCC_WARN_UNUSED_VARIABLE = YES;
				IPHONEOS_DEPLOYMENT_TARGET = 10.3;
				MTL_ENABLE_DEBUG_INFO = YES;
				ONLY_ACTIVE_ARCH = YES;
				SDKROOT = iphoneos;
				SWIFT_ACTIVE_COMPILATION_CONDITIONS = DEBUG;
				SWIFT_OPTIMIZATION_LEVEL = "-Onone";
			};
			name = Debug;
		};
		CCDD13A61E96D33E003B7CD7 /* Release */ = {
			isa = XCBuildConfiguration;
			buildSettings = {
				ALWAYS_SEARCH_USER_PATHS = NO;
				CLANG_ANALYZER_NONNULL = YES;
				CLANG_ANALYZER_NUMBER_OBJECT_CONVERSION = YES_AGGRESSIVE;
				CLANG_CXX_LANGUAGE_STANDARD = "gnu++0x";
				CLANG_CXX_LIBRARY = "libc++";
				CLANG_ENABLE_MODULES = YES;
				CLANG_ENABLE_OBJC_ARC = YES;
				CLANG_WARN_BOOL_CONVERSION = YES;
				CLANG_WARN_CONSTANT_CONVERSION = YES;
				CLANG_WARN_DIRECT_OBJC_ISA_USAGE = YES_ERROR;
				CLANG_WARN_DOCUMENTATION_COMMENTS = YES;
				CLANG_WARN_EMPTY_BODY = YES;
				CLANG_WARN_ENUM_CONVERSION = YES;
				CLANG_WARN_INFINITE_RECURSION = YES;
				CLANG_WARN_INT_CONVERSION = YES;
				CLANG_WARN_OBJC_ROOT_CLASS = YES_ERROR;
				CLANG_WARN_SUSPICIOUS_MOVE = YES;
				CLANG_WARN_UNREACHABLE_CODE = YES;
				CLANG_WARN__DUPLICATE_METHOD_MATCH = YES;
				"CODE_SIGN_IDENTITY[sdk=iphoneos*]" = "iPhone Developer";
				COPY_PHASE_STRIP = NO;
				DEBUG_INFORMATION_FORMAT = "dwarf-with-dsym";
				ENABLE_NS_ASSERTIONS = NO;
				ENABLE_STRICT_OBJC_MSGSEND = YES;
				GCC_C_LANGUAGE_STANDARD = gnu99;
				GCC_NO_COMMON_BLOCKS = YES;
				GCC_WARN_64_TO_32_BIT_CONVERSION = YES;
				GCC_WARN_ABOUT_RETURN_TYPE = YES_ERROR;
				GCC_WARN_UNDECLARED_SELECTOR = YES;
				GCC_WARN_UNINITIALIZED_AUTOS = YES_AGGRESSIVE;
				GCC_WARN_UNUSED_FUNCTION = YES;
				GCC_WARN_UNUSED_VARIABLE = YES;
				IPHONEOS_DEPLOYMENT_TARGET = 10.3;
				MTL_ENABLE_DEBUG_INFO = NO;
				SDKROOT = iphoneos;
				SWIFT_OPTIMIZATION_LEVEL = "-Owholemodule";
				VALIDATE_PRODUCT = YES;
			};
			name = Release;
		};
		CCDD13A81E96D33E003B7CD7 /* Debug */ = {
			isa = XCBuildConfiguration;
			baseConfigurationReference = 4AFFF27668765B4B64FC9825 /* Pods-KnowledgeBase.debug.xcconfig */;
			buildSettings = {
				ASSETCATALOG_COMPILER_APPICON_NAME = AppIcon;
				"CODE_SIGN_IDENTITY[sdk=iphoneos*]" = "iPhone Developer";
				DEVELOPMENT_TEAM = Z9289CTFX8;
				INFOPLIST_FILE = KnowledgeBase/Info.plist;
				IPHONEOS_DEPLOYMENT_TARGET = 9.3;
				LD_RUNPATH_SEARCH_PATHS = "$(inherited) @executable_path/Frameworks";
				PRODUCT_BUNDLE_IDENTIFIER = com.vincoorbis.KnowledgeBase;
				PRODUCT_NAME = "$(TARGET_NAME)";
				PROVISIONING_PROFILE = "";
				PROVISIONING_PROFILE_SPECIFIER = "";
				SWIFT_VERSION = 3.0;
			};
			name = Debug;
		};
		CCDD13A91E96D33E003B7CD7 /* Release */ = {
			isa = XCBuildConfiguration;
			baseConfigurationReference = 80B7A94882EBB03CCD0D934B /* Pods-KnowledgeBase.release.xcconfig */;
			buildSettings = {
				ASSETCATALOG_COMPILER_APPICON_NAME = AppIcon;
				"CODE_SIGN_IDENTITY[sdk=iphoneos*]" = "iPhone Developer";
				DEVELOPMENT_TEAM = Z9289CTFX8;
				INFOPLIST_FILE = KnowledgeBase/Info.plist;
				IPHONEOS_DEPLOYMENT_TARGET = 9.3;
				LD_RUNPATH_SEARCH_PATHS = "$(inherited) @executable_path/Frameworks";
				PRODUCT_BUNDLE_IDENTIFIER = com.vincoorbis.KnowledgeBase;
				PRODUCT_NAME = "$(TARGET_NAME)";
				PROVISIONING_PROFILE_SPECIFIER = "";
				SWIFT_VERSION = 3.0;
			};
			name = Release;
		};
		CCDD13AB1E96D33E003B7CD7 /* Debug */ = {
			isa = XCBuildConfiguration;
			baseConfigurationReference = A2805FFB7A998381BB3766CF /* Pods-KnowledgeBaseTests.debug.xcconfig */;
			buildSettings = {
				ALWAYS_EMBED_SWIFT_STANDARD_LIBRARIES = YES;
				BUNDLE_LOADER = "$(TEST_HOST)";
				DEVELOPMENT_TEAM = Z9289CTFX8;
				INFOPLIST_FILE = KnowledgeBaseTests/Info.plist;
				LD_RUNPATH_SEARCH_PATHS = "$(inherited) @executable_path/Frameworks @loader_path/Frameworks";
				PRODUCT_BUNDLE_IDENTIFIER = com.vincoorbis.KnowledgeBaseTests;
				PRODUCT_NAME = "$(TARGET_NAME)";
				SWIFT_VERSION = 3.0;
				TEST_HOST = "$(BUILT_PRODUCTS_DIR)/KnowledgeBase.app/KnowledgeBase";
			};
			name = Debug;
		};
		CCDD13AC1E96D33E003B7CD7 /* Release */ = {
			isa = XCBuildConfiguration;
			baseConfigurationReference = 1D9C45580C2F54AF2C995935 /* Pods-KnowledgeBaseTests.release.xcconfig */;
			buildSettings = {
				ALWAYS_EMBED_SWIFT_STANDARD_LIBRARIES = YES;
				BUNDLE_LOADER = "$(TEST_HOST)";
				DEVELOPMENT_TEAM = Z9289CTFX8;
				INFOPLIST_FILE = KnowledgeBaseTests/Info.plist;
				LD_RUNPATH_SEARCH_PATHS = "$(inherited) @executable_path/Frameworks @loader_path/Frameworks";
				PRODUCT_BUNDLE_IDENTIFIER = com.vincoorbis.KnowledgeBaseTests;
				PRODUCT_NAME = "$(TARGET_NAME)";
				SWIFT_VERSION = 3.0;
				TEST_HOST = "$(BUILT_PRODUCTS_DIR)/KnowledgeBase.app/KnowledgeBase";
			};
			name = Release;
		};
		CCDD13AE1E96D33E003B7CD7 /* Debug */ = {
			isa = XCBuildConfiguration;
			baseConfigurationReference = 9916C1BF84143A1A931074E8 /* Pods-KnowledgeBaseUITests.debug.xcconfig */;
			buildSettings = {
				ALWAYS_EMBED_SWIFT_STANDARD_LIBRARIES = YES;
				DEVELOPMENT_TEAM = Z9289CTFX8;
				INFOPLIST_FILE = KnowledgeBaseUITests/Info.plist;
				LD_RUNPATH_SEARCH_PATHS = "$(inherited) @executable_path/Frameworks @loader_path/Frameworks";
				PRODUCT_BUNDLE_IDENTIFIER = com.vincoorbis.KnowledgeBaseUITests;
				PRODUCT_NAME = "$(TARGET_NAME)";
				SWIFT_VERSION = 3.0;
				TEST_TARGET_NAME = KnowledgeBase;
			};
			name = Debug;
		};
		CCDD13AF1E96D33E003B7CD7 /* Release */ = {
			isa = XCBuildConfiguration;
			baseConfigurationReference = A2A4B7091D8A571B8C653539 /* Pods-KnowledgeBaseUITests.release.xcconfig */;
			buildSettings = {
				ALWAYS_EMBED_SWIFT_STANDARD_LIBRARIES = YES;
				DEVELOPMENT_TEAM = Z9289CTFX8;
				INFOPLIST_FILE = KnowledgeBaseUITests/Info.plist;
				LD_RUNPATH_SEARCH_PATHS = "$(inherited) @executable_path/Frameworks @loader_path/Frameworks";
				PRODUCT_BUNDLE_IDENTIFIER = com.vincoorbis.KnowledgeBaseUITests;
				PRODUCT_NAME = "$(TARGET_NAME)";
				SWIFT_VERSION = 3.0;
				TEST_TARGET_NAME = KnowledgeBase;
			};
			name = Release;
		};
/* End XCBuildConfiguration section */

/* Begin XCConfigurationList section */
		CCDD137A1E96D33E003B7CD7 /* Build configuration list for PBXProject "KnowledgeBase" */ = {
			isa = XCConfigurationList;
			buildConfigurations = (
				CCDD13A51E96D33E003B7CD7 /* Debug */,
				CCDD13A61E96D33E003B7CD7 /* Release */,
			);
			defaultConfigurationIsVisible = 0;
			defaultConfigurationName = Release;
		};
		CCDD13A71E96D33E003B7CD7 /* Build configuration list for PBXNativeTarget "KnowledgeBase" */ = {
			isa = XCConfigurationList;
			buildConfigurations = (
				CCDD13A81E96D33E003B7CD7 /* Debug */,
				CCDD13A91E96D33E003B7CD7 /* Release */,
			);
			defaultConfigurationIsVisible = 0;
			defaultConfigurationName = Release;
		};
		CCDD13AA1E96D33E003B7CD7 /* Build configuration list for PBXNativeTarget "KnowledgeBaseTests" */ = {
			isa = XCConfigurationList;
			buildConfigurations = (
				CCDD13AB1E96D33E003B7CD7 /* Debug */,
				CCDD13AC1E96D33E003B7CD7 /* Release */,
			);
			defaultConfigurationIsVisible = 0;
			defaultConfigurationName = Release;
		};
		CCDD13AD1E96D33E003B7CD7 /* Build configuration list for PBXNativeTarget "KnowledgeBaseUITests" */ = {
			isa = XCConfigurationList;
			buildConfigurations = (
				CCDD13AE1E96D33E003B7CD7 /* Debug */,
				CCDD13AF1E96D33E003B7CD7 /* Release */,
			);
			defaultConfigurationIsVisible = 0;
			defaultConfigurationName = Release;
		};
/* End XCConfigurationList section */
	};
	rootObject = CCDD13771E96D33E003B7CD7 /* Project object */;
}
